Microsoft Visual Studio Solution File, Format Version 12.00
Project("{FAE04EC0-301F-11D3-BF4B-00C04F79EFBC}") = "Emik.SourceGenerators.TheSquareHole", "Emik.SourceGenerators.TheSquareHole.csproj", "{7283240E-E5C1-4215-BCC3-FF094D5EABE4}"
EndProject
Project("{FAE04EC0-301F-11D3-BF4B-00C04F79EFBC}") = "Emik.SourceGenerators.TheSquareHole.Generated.Tests", "Emik.SourceGenerators.TheSquareHole.Generated.Tests\Emik.SourceGenerators.TheSquareHole.Generated.Tests.csproj", "{98FE832B-214B-4600-97FD-909EBE40E735}"
EndProject
Global
	GlobalSection(SolutionConfigurationPlatforms) = preSolution
		Debug|Any CPU = Debug|Any CPU
		Release|Any CPU = Release|Any CPU
	EndGlobalSection
	GlobalSection(ProjectConfigurationPlatforms) = postSolution
		{7283240E-E5C1-4215-BCC3-FF094D5EABE4}.Debug|Any CPU.ActiveCfg = Debug|Any CPU
		{7283240E-E5C1-4215-BCC3-FF094D5EABE4}.Debug|Any CPU.Build.0 = Debug|Any CPU
		{7283240E-E5C1-4215-BCC3-FF094D5EABE4}.Release|Any CPU.ActiveCfg = Release|Any CPU
		{7283240E-E5C1-4215-BCC3-FF094D5EABE4}.Release|Any CPU.Build.0 = Release|Any CPU
		{98FE832B-214B-4600-97FD-909EBE40E735}.Debug|Any CPU.ActiveCfg = Debug|Any CPU
		{98FE832B-214B-4600-97FD-909EBE40E735}.Debug|Any CPU.Build.0 = Debug|Any CPU
		{98FE832B-214B-4600-97FD-909EBE40E735}.Release|Any CPU.ActiveCfg = Release|Any CPU
		{98FE832B-214B-4600-97FD-909EBE40E735}.Release|Any CPU.Build.0 = Release|Any CPU
	EndGlobalSection
EndGlobal

